
Microsoft Visual Studio Solution File, Format Version 12.00
# Visual Studio Version 17
VisualStudioVersion = 17.5.33424.131
MinimumVisualStudioVersion = 10.0.40219.1
Project("{9A19103F-16F7-4668-BE54-9A1E7A4F7556}") = "DressifyWeb", "dressify\DressifyWeb.csproj", "{08B673FA-3801-440A-94CF-982EC8A31DC7}"
EndProject
Project("{9A19103F-16F7-4668-BE54-9A1E7A4F7556}") = "Dressify.Models", "Dressify.Models\Dressify.Models.csproj", "{C83FF904-4B61-4620-A942-C00B14800FEB}"
EndProject
Project("{9A19103F-16F7-4668-BE54-9A1E7A4F7556}") = "Dressify.Utility", "Dressify.Utility\Dressify.Utility.csproj", "{4F692208-5D69-4596-99C6-290A5356D279}"
EndProject
Project("{FAE04EC0-301F-11D3-BF4B-00C04F79EFBC}") = "Dressify.DataAccess", "Dressify.DataAccesss\Dressify.DataAccess.csproj", "{1F203F87-DDE6-48FA-884B-F15AAF724C3D}"
EndProject
Global
	GlobalSection(SolutionConfigurationPlatforms) = preSolution
		Debug|Any CPU = Debug|Any CPU
		Release|Any CPU = Release|Any CPU
	EndGlobalSection
	GlobalSection(ProjectConfigurationPlatforms) = postSolution
		{08B673FA-3801-440A-94CF-982EC8A31DC7}.Debug|Any CPU.ActiveCfg = Debug|Any CPU
		{08B673FA-3801-440A-94CF-982EC8A31DC7}.Debug|Any CPU.Build.0 = Debug|Any CPU
		{08B673FA-3801-440A-94CF-982EC8A31DC7}.Release|Any CPU.ActiveCfg = Release|Any CPU
		{08B673FA-3801-440A-94CF-982EC8A31DC7}.Release|Any CPU.Build.0 = Release|Any CPU
		{C83FF904-4B61-4620-A942-C00B14800FEB}.Debug|Any CPU.ActiveCfg = Debug|Any CPU
		{C83FF904-4B61-4620-A942-C00B14800FEB}.Debug|Any CPU.Build.0 = Debug|Any CPU
		{C83FF904-4B61-4620-A942-C00B14800FEB}.Release|Any CPU.ActiveCfg = Release|Any CPU
		{C83FF904-4B61-4620-A942-C00B14800FEB}.Release|Any CPU.Build.0 = Release|Any CPU
		{4F692208-5D69-4596-99C6-290A5356D279}.Debug|Any CPU.ActiveCfg = Debug|Any CPU
		{4F692208-5D69-4596-99C6-290A5356D279}.Debug|Any CPU.Build.0 = Debug|Any CPU
		{4F692208-5D69-4596-99C6-290A5356D279}.Release|Any CPU.ActiveCfg = Release|Any CPU
		{4F692208-5D69-4596-99C6-290A5356D279}.Release|Any CPU.Build.0 = Release|Any CPU
		{1F203F87-DDE6-48FA-884B-F15AAF724C3D}.Debug|Any CPU.ActiveCfg = Debug|Any CPU
		{1F203F87-DDE6-48FA-884B-F15AAF724C3D}.Debug|Any CPU.Build.0 = Debug|Any CPU
		{1F203F87-DDE6-48FA-884B-F15AAF724C3D}.Release|Any CPU.ActiveCfg = Release|Any CPU
		{1F203F87-DDE6-48FA-884B-F15AAF724C3D}.Release|Any CPU.Build.0 = Release|Any CPU
	EndGlobalSection
	GlobalSection(SolutionProperties) = preSolution
		HideSolutionNode = FALSE
	EndGlobalSection
	GlobalSection(ExtensibilityGlobals) = postSolution
		SolutionGuid = {F223E10F-EC8E-472D-BBB9-B43ABC354E78}
	EndGlobalSection
EndGlobal
